uuid: 2e4daa75-d162-49da-a44c-28969a4772fd
langcode: en
status: true
dependencies:
  module:
    - block_content
  enforced:
    module:
      - gutenberg
_core:
  default_config_hash: 0nRdlyXwWiWvI4FdhHFKcKfOGaW3sirwqY0dUr5JIlg
id: block_content.reusable_block
label: 'Reusable block'
description: null
targetEntityType: block_content
cache: true
